<?xml version="1.0" encoding="utf-8"?>
<Project ToolsVersion="4.0" xmlns="http://schemas.microsoft.com/developer/msbuild/2003">
  <ItemGroup>
    <Filter Include="Source Files">
      <UniqueIdentifier>{4FC737F1-C7A5-4376-A066-2A32D752A2FF}</UniqueIdentifier>
      <Extensions>cpp;c;cc;cxx;def;odl;idl;hpj;bat;asm;asmx</Extensions>
    </Filter>
    <Filter Include="Header Files">
      <UniqueIdentifier>{93995380-89BD-4b04-88EB-625FBE52EBFB}</UniqueIdentifier>
      <Extensions>h;hh;hpp;hxx;hm;inl;inc;xsd</Extensions>
    </Filter>
    <Filter Include="Resource Files">
      <UniqueIdentifier>{67DA6AB6-F800-4c08-8B7A-83BB121AAD01}</UniqueIdentifier>
      <Extensions>rc;ico;cur;bmp;dlg;rc2;rct;bin;rgs;gif;jpg;jpeg;jpe;resx;tiff;tif;png;wav;mfcribbon-ms</Extensions>
    </Filter>
    <Filter Include="Source Files\memory">
      <UniqueIdentifier>{9ee07e4e-4cf8-409d-a6e3-067b3b93aa5e}</UniqueIdentifier>
    </Filter>
    <Filter Include="Source Files\utils">
      <UniqueIdentifier>{4eea5c15-2364-4181-9bf1-60bb08c65731}</UniqueIdentifier>
    </Filter>
    <Filter Include="Header Files\memory">
      <UniqueIdentifier>{05668c45-67ea-41f4-b1ef-6a8804cb3a42}</UniqueIdentifier>
    </Filter>
    <Filter Include="Header Files\utils">
      <UniqueIdentifier>{ed89849d-e57d-4b0f-84c7-161f9be53751}</UniqueIdentifier>
    </Filter>
    <Filter Include="Header Files\valve">
      <UniqueIdentifier>{968ea0f5-a139-4b3d-b72d-db6a22d692dc}</UniqueIdentifier>
    </Filter>
    <Filter Include="Source Files\valve">
      <UniqueIdentifier>{948ada15-bf27-481f-8969-29a25af4dc2e}</UniqueIdentifier>
    </Filter>
  </ItemGroup>
  <ItemGroup>
    <ClCompile Include="Main.cpp">
      <Filter>Source Files</Filter>
    </ClCompile>
    <ClCompile Include="Hack.cpp">
      <Filter>Source Files</Filter>
    </ClCompile>
    <ClCompile Include="CMemory.cpp">
      <Filter>Source Files\memory</Filter>
    </ClCompile>
    <ClCompile Include="Log.cpp">
      <Filter>Source Files\utils</Filter>
    </ClCompile>
    <ClCompile Include="consolefuncs.cpp">
      <Filter>Source Files\utils</Filter>
    </ClCompile>
    <ClCompile Include="math.cpp">
      <Filter>Source Files\utils</Filter>
    </ClCompile>
    <ClCompile Include="aimbot.cpp">
      <Filter>Source Files</Filter>
    </ClCompile>
    <ClCompile Include="BSPFile.cpp">
      <Filter>Source Files\valve</Filter>
    </ClCompile>
    <ClCompile Include="BSPParser.cpp">
      <Filter>Source Files\valve</Filter>
    </ClCompile>
    <ClCompile Include="TraceRay.cpp">
      <Filter>Source Files\valve</Filter>
    </ClCompile>
  </ItemGroup>
  <ItemGroup>
    <ClInclude Include="Includes.h">
      <Filter>Header Files</Filter>
    </ClInclude>
    <ClInclude Include="Hack.h">
      <Filter>Header Files</Filter>
    </ClInclude>
    <ClInclude Include="csgo.hpp">
      <Filter>Header Files</Filter>
    </ClInclude>
    <ClInclude Include="Engine.h">
      <Filter>Header Files</Filter>
    </ClInclude>
    <ClInclude Include="Store.h">
      <Filter>Header Files</Filter>
    </ClInclude>
    <ClInclude Include="Main.h">
      <Filter>Header Files</Filter>
    </ClInclude>
    <ClInclude Include="CMemory.h">
      <Filter>Header Files\memory</Filter>
    </ClInclude>
    <ClInclude Include="utils\Vector2D.hpp">
      <Filter>Header Files\utils</Filter>
    </ClInclude>
    <ClInclude Include="utils\Vector.hpp">
      <Filter>Header Files\utils</Filter>
    </ClInclude>
    <ClInclude Include="utils\VMatrix.hpp">
      <Filter>Header Files\utils</Filter>
    </ClInclude>
    <ClInclude Include="singleton.h">
      <Filter>Header Files\utils</Filter>
    </ClInclude>
    <ClInclude Include="utils\QAngle.hpp">
      <Filter>Header Files\utils</Filter>
    </ClInclude>
    <ClInclude Include="Log.hpp">
      <Filter>Header Files\utils</Filter>
    </ClInclude>
    <ClInclude Include="consolefuncs.h">
      <Filter>Header Files\utils</Filter>
    </ClInclude>
    <ClInclude Include="math.h">
      <Filter>Header Files\utils</Filter>
    </ClInclude>
    <ClInclude Include="aimbot.hpp">
      <Filter>Header Files</Filter>
    </ClInclude>
    <ClInclude Include="BSPFile.hpp">
      <Filter>Header Files\valve</Filter>
    </ClInclude>
    <ClInclude Include="BSPFlags.hpp">
      <Filter>Header Files\valve</Filter>
    </ClInclude>
    <ClInclude Include="BSPParser.hpp">
      <Filter>Header Files\valve</Filter>
    </ClInclude>
    <ClInclude Include="BSPStructure.hpp">
      <Filter>Header Files\valve</Filter>
    </ClInclude>
    <ClInclude Include="Matrix.hpp">
      <Filter>Header Files\valve</Filter>
    </ClInclude>
    <ClInclude Include="TraceRay.hpp">
      <Filter>Header Files\valve</Filter>
    </ClInclude>
    <ClInclude Include="Radar.hpp">
      <Filter>Header Files\utils</Filter>
    </ClInclude>
  </ItemGroup>
</Project>